{
    "name": "mrscheme",
    "version": "1.0.9",
    "lockfileVersion": 2,
    "requires": true,
    "packages": {
        "": {
            "version": "1.0.9",
            "license": "MIT",
            "dependencies": {
                "mrscheme": "^1.0.2"
            }
        },
        "node_modules/mrscheme": {
            "version": "1.0.2",
            "resolved": "https://registry.npmjs.org/mrscheme/-/mrscheme-1.0.2.tgz",
            "integrity": "sha512-NkgYE3gRtPLfodw+2Ly9CHRjsocfy9TH69ZpmKwaQmoP7qjXhHIakllRP1Uf/3Z5XUtsArn7WvO4F/9d7tuzcA=="
        }
    },
    "dependencies": {
        "mrscheme": {
            "version": "1.0.2",
            "resolved": "https://registry.npmjs.org/mrscheme/-/mrscheme-1.0.2.tgz",
            "integrity": "sha512-NkgYE3gRtPLfodw+2Ly9CHRjsocfy9TH69ZpmKwaQmoP7qjXhHIakllRP1Uf/3Z5XUtsArn7WvO4F/9d7tuzcA=="
        }
    }
}
